
Microsoft Visual Studio Solution File, Format Version 12.00
# Visual Studio Version 17
VisualStudioVersion = 17.11.35327.3
MinimumVisualStudioVersion = 10.0.40219.1
Project("{2150E333-8FDC-42A3-9474-1A3956D46DE8}") = "Services", "Services", "{D7F8B089-EC2A-4BBD-AD60-E8F551771EA2}"
EndProject
Project("{2150E333-8FDC-42A3-9474-1A3956D46DE8}") = "Catalog", "Catalog", "{DAECE439-F58A-4974-A292-A8D8D361553A}"
EndProject
Project("{9A19103F-16F7-4668-BE54-9A1E7A4F7556}") = "Catalog.API", "Services\Catalog\Catalog.API\Catalog.API.csproj", "{FBAF0D0C-9297-4AA2-9F8C-1EF8C588C634}"
EndProject
Project("{2150E333-8FDC-42A3-9474-1A3956D46DE8}") = "BuildingBlocks", "BuildingBlocks", "{48F83194-B6CD-4D57-A414-A4F6D3C114A1}"
EndProject
Project("{FAE04EC0-301F-11D3-BF4B-00C04F79EFBC}") = "BuildingBlocks", "BuildingBlocks\BuildingBlocks\BuildingBlocks.csproj", "{019A0EBB-335A-4772-AD1A-AA82876FF9B6}"
EndProject
Global
	GlobalSection(SolutionConfigurationPlatforms) = preSolution
		Debug|Any CPU = Debug|Any CPU
		Release|Any CPU = Release|Any CPU
	EndGlobalSection
	GlobalSection(ProjectConfigurationPlatforms) = postSolution
		{FBAF0D0C-9297-4AA2-9F8C-1EF8C588C634}.Debug|Any CPU.ActiveCfg = Debug|Any CPU
		{FBAF0D0C-9297-4AA2-9F8C-1EF8C588C634}.Debug|Any CPU.Build.0 = Debug|Any CPU
		{FBAF0D0C-9297-4AA2-9F8C-1EF8C588C634}.Release|Any CPU.ActiveCfg = Release|Any CPU
		{FBAF0D0C-9297-4AA2-9F8C-1EF8C588C634}.Release|Any CPU.Build.0 = Release|Any CPU
		{019A0EBB-335A-4772-AD1A-AA82876FF9B6}.Debug|Any CPU.ActiveCfg = Debug|Any CPU
		{019A0EBB-335A-4772-AD1A-AA82876FF9B6}.Debug|Any CPU.Build.0 = Debug|Any CPU
		{019A0EBB-335A-4772-AD1A-AA82876FF9B6}.Release|Any CPU.ActiveCfg = Release|Any CPU
		{019A0EBB-335A-4772-AD1A-AA82876FF9B6}.Release|Any CPU.Build.0 = Release|Any CPU
	EndGlobalSection
	GlobalSection(SolutionProperties) = preSolution
		HideSolutionNode = FALSE
	EndGlobalSection
	GlobalSection(NestedProjects) = preSolution
		{DAECE439-F58A-4974-A292-A8D8D361553A} = {D7F8B089-EC2A-4BBD-AD60-E8F551771EA2}
		{FBAF0D0C-9297-4AA2-9F8C-1EF8C588C634} = {DAECE439-F58A-4974-A292-A8D8D361553A}
		{019A0EBB-335A-4772-AD1A-AA82876FF9B6} = {48F83194-B6CD-4D57-A414-A4F6D3C114A1}
	EndGlobalSection
	GlobalSection(ExtensibilityGlobals) = postSolution
		SolutionGuid = {89E636AC-4B28-45F7-9F2A-7E856182E448}
	EndGlobalSection
EndGlobal
